
Microsoft Visual Studio Solution File, Format Version 12.00
# Visual Studio Version 16
VisualStudioVersion = 16.0.30503.244
MinimumVisualStudioVersion = 10.0.40219.1
Project("{9A19103F-16F7-4668-BE54-9A1E7A4F7556}") = "GuessingGame.UI", "GuessingGame.UI\GuessingGame.UI.csproj", "{D11B0A3F-4632-42F6-994E-60530E6AB618}"
EndProject
Project("{9A19103F-16F7-4668-BE54-9A1E7A4F7556}") = "GuessingGame.BLL", "GuessingGame.BLL\GuessingGame.BLL.csproj", "{5F08398D-5E69-4FE7-B69A-20FB21CFE92B}"
EndProject
Project("{FAE04EC0-301F-11D3-BF4B-00C04F79EFBC}") = "GuessingGame.Tests", "GuessingGame.Tests\GuessingGame.Tests.csproj", "{D5A39366-A339-45F8-AD35-8C0CF126691E}"
EndProject
Global
	GlobalSection(SolutionConfigurationPlatforms) = preSolution
		Debug|Any CPU = Debug|Any CPU
		Release|Any CPU = Release|Any CPU
	EndGlobalSection
	GlobalSection(ProjectConfigurationPlatforms) = postSolution
		{D11B0A3F-4632-42F6-994E-60530E6AB618}.Debug|Any CPU.ActiveCfg = Debug|Any CPU
		{D11B0A3F-4632-42F6-994E-60530E6AB618}.Debug|Any CPU.Build.0 = Debug|Any CPU
		{D11B0A3F-4632-42F6-994E-60530E6AB618}.Release|Any CPU.ActiveCfg = Release|Any CPU
		{D11B0A3F-4632-42F6-994E-60530E6AB618}.Release|Any CPU.Build.0 = Release|Any CPU
		{5F08398D-5E69-4FE7-B69A-20FB21CFE92B}.Debug|Any CPU.ActiveCfg = Debug|Any CPU
		{5F08398D-5E69-4FE7-B69A-20FB21CFE92B}.Debug|Any CPU.Build.0 = Debug|Any CPU
		{5F08398D-5E69-4FE7-B69A-20FB21CFE92B}.Release|Any CPU.ActiveCfg = Release|Any CPU
		{5F08398D-5E69-4FE7-B69A-20FB21CFE92B}.Release|Any CPU.Build.0 = Release|Any CPU
		{D5A39366-A339-45F8-AD35-8C0CF126691E}.Debug|Any CPU.ActiveCfg = Debug|Any CPU
		{D5A39366-A339-45F8-AD35-8C0CF126691E}.Debug|Any CPU.Build.0 = Debug|Any CPU
		{D5A39366-A339-45F8-AD35-8C0CF126691E}.Release|Any CPU.ActiveCfg = Release|Any CPU
		{D5A39366-A339-45F8-AD35-8C0CF126691E}.Release|Any CPU.Build.0 = Release|Any CPU
	EndGlobalSection
	GlobalSection(SolutionProperties) = preSolution
		HideSolutionNode = FALSE
	EndGlobalSection
	GlobalSection(ExtensibilityGlobals) = postSolution
		SolutionGuid = {2D7EA1CA-254D-4C11-ACD2-DA745BD54300}
	EndGlobalSection
EndGlobal
